
Microsoft Visual Studio Solution File, Format Version 12.00
# Visual Studio Version 17
VisualStudioVersion = 17.4.33122.133
MinimumVisualStudioVersion = 10.0.40219.1
Project("{FAE04EC0-301F-11D3-BF4B-00C04F79EFBC}") = "examenmod-I", "examenmod-I\examenmod-I.csproj", "{BF3D2FDF-C55D-4F70-88F2-F6EE0DF3829E}"
EndProject
Global
	GlobalSection(SolutionConfigurationPlatforms) = preSolution
		Debug|Any CPU = Debug|Any CPU
		Release|Any CPU = Release|Any CPU
	EndGlobalSection
	GlobalSection(ProjectConfigurationPlatforms) = postSolution
		{BF3D2FDF-C55D-4F70-88F2-F6EE0DF3829E}.Debug|Any CPU.ActiveCfg = Debug|Any CPU
		{BF3D2FDF-C55D-4F70-88F2-F6EE0DF3829E}.Debug|Any CPU.Build.0 = Debug|Any CPU
		{BF3D2FDF-C55D-4F70-88F2-F6EE0DF3829E}.Release|Any CPU.ActiveCfg = Release|Any CPU
		{BF3D2FDF-C55D-4F70-88F2-F6EE0DF3829E}.Release|Any CPU.Build.0 = Release|Any CPU
	EndGlobalSection
	GlobalSection(SolutionProperties) = preSolution
		HideSolutionNode = FALSE
	EndGlobalSection
	GlobalSection(ExtensibilityGlobals) = postSolution
		SolutionGuid = {E90C50A2-9C25-410B-BBCC-F55DF6268BF4}
	EndGlobalSection
EndGlobal
